
Microsoft Visual Studio Solution File, Format Version 12.00
# Visual Studio 14
VisualStudioVersion = 14.0.25420.1
MinimumVisualStudioVersion = 10.0.40219.1
Project("{FAE04EC0-301F-11D3-BF4B-00C04F79EFBC}") = "sdk", "sdk\sdk.csproj", "{53E4784E-B5C9-46C7-BAC3-4C774213CD49}"
EndProject
Project("{FAE04EC0-301F-11D3-BF4B-00C04F79EFBC}") = "glomix.console", "glomix.console\glomix.console.csproj", "{4FF2AF5F-4BAD-44A9-8838-F161DFD9C8A1}"
EndProject
Project("{FAE04EC0-301F-11D3-BF4B-00C04F79EFBC}") = "glomix.console.test", "glomix.console.test\glomix.console.test.csproj", "{5FBDFB05-F45C-4A80-AAAC-7A897AFBCA03}"
EndProject
Global
	GlobalSection(SolutionConfigurationPlatforms) = preSolution
		Debug|Any CPU = Debug|Any CPU
		Debug|x86 = Debug|x86
		Release|Any CPU = Release|Any CPU
		Release|x86 = Release|x86
	EndGlobalSection
	GlobalSection(ProjectConfigurationPlatforms) = postSolution
		{53E4784E-B5C9-46C7-BAC3-4C774213CD49}.Debug|Any CPU.ActiveCfg = Debug|Any CPU
		{53E4784E-B5C9-46C7-BAC3-4C774213CD49}.Debug|Any CPU.Build.0 = Debug|Any CPU
		{53E4784E-B5C9-46C7-BAC3-4C774213CD49}.Debug|x86.ActiveCfg = Debug|x86
		{53E4784E-B5C9-46C7-BAC3-4C774213CD49}.Debug|x86.Build.0 = Debug|x86
		{53E4784E-B5C9-46C7-BAC3-4C774213CD49}.Release|Any CPU.ActiveCfg = Release|Any CPU
		{53E4784E-B5C9-46C7-BAC3-4C774213CD49}.Release|Any CPU.Build.0 = Release|Any CPU
		{53E4784E-B5C9-46C7-BAC3-4C774213CD49}.Release|x86.ActiveCfg = Release|x86
		{53E4784E-B5C9-46C7-BAC3-4C774213CD49}.Release|x86.Build.0 = Release|x86
		{4FF2AF5F-4BAD-44A9-8838-F161DFD9C8A1}.Debug|Any CPU.ActiveCfg = Debug|Any CPU
		{4FF2AF5F-4BAD-44A9-8838-F161DFD9C8A1}.Debug|Any CPU.Build.0 = Debug|Any CPU
		{4FF2AF5F-4BAD-44A9-8838-F161DFD9C8A1}.Debug|x86.ActiveCfg = Debug|x86
		{4FF2AF5F-4BAD-44A9-8838-F161DFD9C8A1}.Debug|x86.Build.0 = Debug|x86
		{4FF2AF5F-4BAD-44A9-8838-F161DFD9C8A1}.Release|Any CPU.ActiveCfg = Release|Any CPU
		{4FF2AF5F-4BAD-44A9-8838-F161DFD9C8A1}.Release|Any CPU.Build.0 = Release|Any CPU
		{4FF2AF5F-4BAD-44A9-8838-F161DFD9C8A1}.Release|x86.ActiveCfg = Release|Any CPU
		{4FF2AF5F-4BAD-44A9-8838-F161DFD9C8A1}.Release|x86.Build.0 = Release|Any CPU
		{5FBDFB05-F45C-4A80-AAAC-7A897AFBCA03}.Debug|Any CPU.ActiveCfg = Debug|Any CPU
		{5FBDFB05-F45C-4A80-AAAC-7A897AFBCA03}.Debug|Any CPU.Build.0 = Debug|Any CPU
		{5FBDFB05-F45C-4A80-AAAC-7A897AFBCA03}.Debug|x86.ActiveCfg = Debug|Any CPU
		{5FBDFB05-F45C-4A80-AAAC-7A897AFBCA03}.Debug|x86.Build.0 = Debug|Any CPU
		{5FBDFB05-F45C-4A80-AAAC-7A897AFBCA03}.Release|Any CPU.ActiveCfg = Release|Any CPU
		{5FBDFB05-F45C-4A80-AAAC-7A897AFBCA03}.Release|Any CPU.Build.0 = Release|Any CPU
		{5FBDFB05-F45C-4A80-AAAC-7A897AFBCA03}.Release|x86.ActiveCfg = Release|Any CPU
		{5FBDFB05-F45C-4A80-AAAC-7A897AFBCA03}.Release|x86.Build.0 = Release|Any CPU
	EndGlobalSection
	GlobalSection(SolutionProperties) = preSolution
		HideSolutionNode = FALSE
	EndGlobalSection
EndGlobal
